
Microsoft Visual Studio Solution File, Format Version 12.00
# Visual Studio Version 17
VisualStudioVersion = 17.3.32811.315
MinimumVisualStudioVersion = 10.0.40219.1
Project("{9A19103F-16F7-4668-BE54-9A1E7A4F7556}") = "BooksWebProject", "BooksWebProject\BooksWebProject.csproj", "{AB6DCE0E-8414-4489-ADEE-C047A1C5EBFA}"
EndProject
Project("{9A19103F-16F7-4668-BE54-9A1E7A4F7556}") = "Domain", "Domain\Domain.csproj", "{8E65E9D4-6653-4FA3-A950-CDF8215E3C11}"
EndProject
Project("{9A19103F-16F7-4668-BE54-9A1E7A4F7556}") = "Infrastructure", "Infarstructure\Infrastructure.csproj", "{3F96D146-6EF5-4CA6-8ADE-18979A7E347B}"
EndProject
Global
	GlobalSection(SolutionConfigurationPlatforms) = preSolution
		Debug|Any CPU = Debug|Any CPU
		Release|Any CPU = Release|Any CPU
	EndGlobalSection
	GlobalSection(ProjectConfigurationPlatforms) = postSolution
		{AB6DCE0E-8414-4489-ADEE-C047A1C5EBFA}.Debug|Any CPU.ActiveCfg = Debug|Any CPU
		{AB6DCE0E-8414-4489-ADEE-C047A1C5EBFA}.Debug|Any CPU.Build.0 = Debug|Any CPU
		{AB6DCE0E-8414-4489-ADEE-C047A1C5EBFA}.Release|Any CPU.ActiveCfg = Release|Any CPU
		{AB6DCE0E-8414-4489-ADEE-C047A1C5EBFA}.Release|Any CPU.Build.0 = Release|Any CPU
		{8E65E9D4-6653-4FA3-A950-CDF8215E3C11}.Debug|Any CPU.ActiveCfg = Debug|Any CPU
		{8E65E9D4-6653-4FA3-A950-CDF8215E3C11}.Debug|Any CPU.Build.0 = Debug|Any CPU
		{8E65E9D4-6653-4FA3-A950-CDF8215E3C11}.Release|Any CPU.ActiveCfg = Release|Any CPU
		{8E65E9D4-6653-4FA3-A950-CDF8215E3C11}.Release|Any CPU.Build.0 = Release|Any CPU
		{3F96D146-6EF5-4CA6-8ADE-18979A7E347B}.Debug|Any CPU.ActiveCfg = Debug|Any CPU
		{3F96D146-6EF5-4CA6-8ADE-18979A7E347B}.Debug|Any CPU.Build.0 = Debug|Any CPU
		{3F96D146-6EF5-4CA6-8ADE-18979A7E347B}.Release|Any CPU.ActiveCfg = Release|Any CPU
		{3F96D146-6EF5-4CA6-8ADE-18979A7E347B}.Release|Any CPU.Build.0 = Release|Any CPU
	EndGlobalSection
	GlobalSection(SolutionProperties) = preSolution
		HideSolutionNode = FALSE
	EndGlobalSection
	GlobalSection(ExtensibilityGlobals) = postSolution
		SolutionGuid = {9DBCB00C-891F-4A4E-8DC8-4EED8924D98E}
	EndGlobalSection
EndGlobal
